{
  "name": "@js-modular-seed/app-scripts",
  "version": "0.0.1",
  "dependencies": {
    "@js-modular-seed/lib1": {
      "version": "0.0.2",
      "from": "..\\lib1",
      "resolved": "file:..\\lib1"
    },
    "@js-modular-seed/lib2": {
      "version": "0.0.2",
      "from": "..\\lib2",
      "resolved": "file:..\\lib2"
    },
    "@js-modular-seed/lib3": {
      "version": "0.0.1",
      "from": "..\\lib3",
      "resolved": "file:..\\lib3"
    },
    "core-js": {
      "version": "2.4.0",
      "from": "core-js@>=2.4.0 <3.0.0",
      "resolved": "https://registry.npmjs.org/core-js/-/core-js-2.4.0.tgz"
    },
    "lodash": {
      "version": "4.13.1",
      "from": "lodash@latest",
      "resolved": "https://registry.npmjs.org/lodash/-/lodash-4.13.1.tgz"
    }
  }
}
