{
  "name": "@js-modular-seed/app-systemjs",
  "version": "0.0.1",
  "dependencies": {
    "@js-modular-seed/lib1": {
      "version": "0.0.2",
      "from": "..\\lib1",
      "resolved": "file:..\\lib1"
    },
    "@js-modular-seed/lib2": {
      "version": "0.0.2",
      "from": "..\\lib2",
      "resolved": "file:..\\lib2"
    },
    "core-js": {
      "version": "2.4.0",
      "from": "core-js@>=2.4.0 <3.0.0",
      "resolved": "https://registry.npmjs.org/core-js/-/core-js-2.4.0.tgz"
    },
    "lodash": {
      "version": "4.13.1",
      "from": "lodash@>=4.13.1 <5.0.0",
      "resolved": "https://registry.npmjs.org/lodash/-/lodash-4.13.1.tgz"
    },
    "systemjs": {
      "version": "0.19.31",
      "from": "systemjs@>=0.19.31 <0.20.0",
      "resolved": "https://registry.npmjs.org/systemjs/-/systemjs-0.19.31.tgz"
    },
    "systemjs-plugin-babel": {
      "version": "0.0.12",
      "from": "systemjs-plugin-babel@0.0.12",
      "resolved": "https://registry.npmjs.org/systemjs-plugin-babel/-/systemjs-plugin-babel-0.0.12.tgz"
    },
    "when": {
      "version": "3.7.7",
      "from": "when@>=3.7.5 <4.0.0",
      "resolved": "https://registry.npmjs.org/when/-/when-3.7.7.tgz"
    }
  }
}
