{
  "name": "@js-modular-seed/app-scripts",
  "version": "0.0.1",
  "dependencies": {
    "@js-modular-seed/lib1": {
      "version": "0.0.2",
      "from": "@js-modular-seed/lib1@0.0.2",
      "resolved": "https://registry.npmjs.org/@js-modular-seed/lib1/-/lib1-0.0.2.tgz"
    },
    "@js-modular-seed/lib2": {
      "version": "0.0.2",
      "from": "@js-modular-seed/lib2@0.0.2",
      "resolved": "https://registry.npmjs.org/@js-modular-seed/lib2/-/lib2-0.0.2.tgz"
    },
    "@js-modular-seed/lib3": {
      "version": "0.0.1",
      "from": "@js-modular-seed/lib3@0.0.1",
      "resolved": "https://registry.npmjs.org/@js-modular-seed/lib3/-/lib3-0.0.1.tgz"
    },
    "core-js": {
      "version": "2.4.0",
      "from": "core-js@>=2.4.0 <3.0.0",
      "resolved": "https://registry.npmjs.org/core-js/-/core-js-2.4.0.tgz"
    },
    "lodash": {
      "version": "4.13.1",
      "from": "lodash@latest",
      "resolved": "https://registry.npmjs.org/lodash/-/lodash-4.13.1.tgz"
    }
  }
}
